
Microsoft Visual Studio Solution File, Format Version 12.00
# Visual Studio Version 17
VisualStudioVersion = 17.13.35931.197 d17.13
MinimumVisualStudioVersion = 10.0.40219.1
Project("{FAE04EC0-301F-11D3-BF4B-00C04F79EFBC}") = "ConsoleFriend", "ConsoleFriend.csproj", "{961790E1-A36E-44C2-8FDC-48D0A07A4B63}"
EndProject
Global
	GlobalSection(SolutionConfigurationPlatforms) = preSolution
		Debug|Any CPU = Debug|Any CPU
		Release|Any CPU = Release|Any CPU
	EndGlobalSection
	GlobalSection(ProjectConfigurationPlatforms) = postSolution
		{961790E1-A36E-44C2-8FDC-48D0A07A4B63}.Debug|Any CPU.ActiveCfg = Debug|Any CPU
		{961790E1-A36E-44C2-8FDC-48D0A07A4B63}.Debug|Any CPU.Build.0 = Debug|Any CPU
		{961790E1-A36E-44C2-8FDC-48D0A07A4B63}.Release|Any CPU.ActiveCfg = Release|Any CPU
		{961790E1-A36E-44C2-8FDC-48D0A07A4B63}.Release|Any CPU.Build.0 = Release|Any CPU
	EndGlobalSection
	GlobalSection(SolutionProperties) = preSolution
		HideSolutionNode = FALSE
	EndGlobalSection
	GlobalSection(ExtensibilityGlobals) = postSolution
		SolutionGuid = {899A826E-5042-4D4C-9A88-B4359FB5DA1E}
	EndGlobalSection
EndGlobal
